
Microsoft Visual Studio Solution File, Format Version 12.00
# Visual Studio Version 16
VisualStudioVersion = 16.0.30907.101
MinimumVisualStudioVersion = 10.0.40219.1
Project("{FAE04EC0-301F-11D3-BF4B-00C04F79EFBC}") = "CinemaPark", "CinemaPark\CinemaPark.csproj", "{2A95D1C8-E3F7-4112-8A1F-71D718EEA5E7}"
EndProject
Global
	GlobalSection(SolutionConfigurationPlatforms) = preSolution
		Debug|Any CPU = Debug|Any CPU
		Release|Any CPU = Release|Any CPU
	EndGlobalSection
	GlobalSection(ProjectConfigurationPlatforms) = postSolution
		{2A95D1C8-E3F7-4112-8A1F-71D718EEA5E7}.Debug|Any CPU.ActiveCfg = Debug|Any CPU
		{2A95D1C8-E3F7-4112-8A1F-71D718EEA5E7}.Debug|Any CPU.Build.0 = Debug|Any CPU
		{2A95D1C8-E3F7-4112-8A1F-71D718EEA5E7}.Release|Any CPU.ActiveCfg = Release|Any CPU
		{2A95D1C8-E3F7-4112-8A1F-71D718EEA5E7}.Release|Any CPU.Build.0 = Release|Any CPU
	EndGlobalSection
	GlobalSection(SolutionProperties) = preSolution
		HideSolutionNode = FALSE
	EndGlobalSection
	GlobalSection(ExtensibilityGlobals) = postSolution
		SolutionGuid = {A2856FBF-203C-4849-BF08-B21138577934}
	EndGlobalSection
EndGlobal
